
Microsoft Visual Studio Solution File, Format Version 12.00
# Visual Studio Version 17
VisualStudioVersion = 17.8.34511.84
MinimumVisualStudioVersion = 10.0.40219.1
Project("{2150E333-8FDC-42A3-9474-1A3956D46DE8}") = "Services", "Services", "{A6A8A446-7BDA-4A79-9230-7471779C9472}"
EndProject
Project("{2150E333-8FDC-42A3-9474-1A3956D46DE8}") = "Catalog", "Catalog", "{7F3516E8-983E-47EE-9C7E-90DDD643C353}"
EndProject
Project("{9A19103F-16F7-4668-BE54-9A1E7A4F7556}") = "Catalog.Api", "Services\Catalog\Catalog.Api\Catalog.Api.csproj", "{A8F93FC3-0DCA-470E-90D5-E4832A4D4863}"
EndProject
Project("{E53339B2-1760-4266-BCC7-CA923CBCF16C}") = "docker-compose", "docker-compose.dcproj", "{C7779F9E-FB0A-42B4-A5FA-02A27378C1AE}"
EndProject
Project("{2150E333-8FDC-42A3-9474-1A3956D46DE8}") = "Basket", "Basket", "{260210EF-4365-44A5-8DD9-82A4C4922F7F}"
EndProject
Project("{FAE04EC0-301F-11D3-BF4B-00C04F79EFBC}") = "Basket.Api", "Services\Basket\Basket.Api\Basket.Api.csproj", "{33071E2C-5B78-4CA4-9271-9BEEB94D81BF}"
EndProject
Global
	GlobalSection(SolutionConfigurationPlatforms) = preSolution
		Debug|Any CPU = Debug|Any CPU
		Release|Any CPU = Release|Any CPU
	EndGlobalSection
	GlobalSection(ProjectConfigurationPlatforms) = postSolution
		{A8F93FC3-0DCA-470E-90D5-E4832A4D4863}.Debug|Any CPU.ActiveCfg = Debug|Any CPU
		{A8F93FC3-0DCA-470E-90D5-E4832A4D4863}.Debug|Any CPU.Build.0 = Debug|Any CPU
		{A8F93FC3-0DCA-470E-90D5-E4832A4D4863}.Release|Any CPU.ActiveCfg = Release|Any CPU
		{A8F93FC3-0DCA-470E-90D5-E4832A4D4863}.Release|Any CPU.Build.0 = Release|Any CPU
		{C7779F9E-FB0A-42B4-A5FA-02A27378C1AE}.Debug|Any CPU.ActiveCfg = Debug|Any CPU
		{C7779F9E-FB0A-42B4-A5FA-02A27378C1AE}.Debug|Any CPU.Build.0 = Debug|Any CPU
		{C7779F9E-FB0A-42B4-A5FA-02A27378C1AE}.Release|Any CPU.ActiveCfg = Release|Any CPU
		{C7779F9E-FB0A-42B4-A5FA-02A27378C1AE}.Release|Any CPU.Build.0 = Release|Any CPU
		{33071E2C-5B78-4CA4-9271-9BEEB94D81BF}.Debug|Any CPU.ActiveCfg = Debug|Any CPU
		{33071E2C-5B78-4CA4-9271-9BEEB94D81BF}.Debug|Any CPU.Build.0 = Debug|Any CPU
		{33071E2C-5B78-4CA4-9271-9BEEB94D81BF}.Release|Any CPU.ActiveCfg = Release|Any CPU
		{33071E2C-5B78-4CA4-9271-9BEEB94D81BF}.Release|Any CPU.Build.0 = Release|Any CPU
	EndGlobalSection
	GlobalSection(SolutionProperties) = preSolution
		HideSolutionNode = FALSE
	EndGlobalSection
	GlobalSection(NestedProjects) = preSolution
		{7F3516E8-983E-47EE-9C7E-90DDD643C353} = {A6A8A446-7BDA-4A79-9230-7471779C9472}
		{A8F93FC3-0DCA-470E-90D5-E4832A4D4863} = {7F3516E8-983E-47EE-9C7E-90DDD643C353}
		{260210EF-4365-44A5-8DD9-82A4C4922F7F} = {A6A8A446-7BDA-4A79-9230-7471779C9472}
		{33071E2C-5B78-4CA4-9271-9BEEB94D81BF} = {260210EF-4365-44A5-8DD9-82A4C4922F7F}
	EndGlobalSection
	GlobalSection(ExtensibilityGlobals) = postSolution
		SolutionGuid = {5C5CD7CF-052E-409E-B4D5-8465B304194C}
	EndGlobalSection
EndGlobal
